
Microsoft Visual Studio Solution File, Format Version 12.00
# Visual Studio Version 17
VisualStudioVersion = 17.2.32616.157
MinimumVisualStudioVersion = 10.0.40219.1
Project("{9A19103F-16F7-4668-BE54-9A1E7A4F7556}") = "Prode2022Server", "Prode2022Server.csproj", "{04C5B4E8-A97E-4ADE-B931-C57C732B1F56}"
EndProject
Global
	GlobalSection(SolutionConfigurationPlatforms) = preSolution
		Debug|Any CPU = Debug|Any CPU
		Release|Any CPU = Release|Any CPU
	EndGlobalSection
	GlobalSection(ProjectConfigurationPlatforms) = postSolution
		{04C5B4E8-A97E-4ADE-B931-C57C732B1F56}.Debug|Any CPU.ActiveCfg = Debug|Any CPU
		{04C5B4E8-A97E-4ADE-B931-C57C732B1F56}.Debug|Any CPU.Build.0 = Debug|Any CPU
		{04C5B4E8-A97E-4ADE-B931-C57C732B1F56}.Release|Any CPU.ActiveCfg = Release|Any CPU
		{04C5B4E8-A97E-4ADE-B931-C57C732B1F56}.Release|Any CPU.Build.0 = Release|Any CPU
	EndGlobalSection
	GlobalSection(SolutionProperties) = preSolution
		HideSolutionNode = FALSE
	EndGlobalSection
	GlobalSection(ExtensibilityGlobals) = postSolution
		SolutionGuid = {34651F36-440F-4D65-80DF-53B9393118E2}
	EndGlobalSection
EndGlobal
